
Microsoft Visual Studio Solution File, Format Version 12.00
# Visual Studio Version 17
VisualStudioVersion = 17.13.35919.96 d17.13
MinimumVisualStudioVersion = 10.0.40219.1
Project("{FAE04EC0-301F-11D3-BF4B-00C04F79EFBC}") = "Film_Koleksiyonu_MVC", "Film_Koleksiyonu_MVC\Film_Koleksiyonu_MVC.csproj", "{FDCDD9AD-5F0E-4B8D-8A33-9AB030DBF49C}"
EndProject
Global
	GlobalSection(SolutionConfigurationPlatforms) = preSolution
		Debug|Any CPU = Debug|Any CPU
		Release|Any CPU = Release|Any CPU
	EndGlobalSection
	GlobalSection(ProjectConfigurationPlatforms) = postSolution
		{FDCDD9AD-5F0E-4B8D-8A33-9AB030DBF49C}.Debug|Any CPU.ActiveCfg = Debug|Any CPU
		{FDCDD9AD-5F0E-4B8D-8A33-9AB030DBF49C}.Debug|Any CPU.Build.0 = Debug|Any CPU
		{FDCDD9AD-5F0E-4B8D-8A33-9AB030DBF49C}.Release|Any CPU.ActiveCfg = Release|Any CPU
		{FDCDD9AD-5F0E-4B8D-8A33-9AB030DBF49C}.Release|Any CPU.Build.0 = Release|Any CPU
	EndGlobalSection
	GlobalSection(SolutionProperties) = preSolution
		HideSolutionNode = FALSE
	EndGlobalSection
	GlobalSection(ExtensibilityGlobals) = postSolution
		SolutionGuid = {D2A40132-5F1E-4D2D-A616-7A08BA09828F}
	EndGlobalSection
EndGlobal
