Microsoft Visual Studio Solution File, Format Version 12.00
# Visual Studio Version 17
VisualStudioVersion = 17.5.2.0
MinimumVisualStudioVersion = 10.0.40219.1
Project("{FAE04EC0-301F-11D3-BF4B-00C04F79EFBC}") = "Film_Koleksiyonu_MVC", "Film_Koleksiyonu_MVC.csproj", "{6EFFCC14-F251-CA6F-101E-DB21C539BF58}"
EndProject
Global
	GlobalSection(SolutionConfigurationPlatforms) = preSolution
		Debug|Any CPU = Debug|Any CPU
		Release|Any CPU = Release|Any CPU
	EndGlobalSection
	GlobalSection(ProjectConfigurationPlatforms) = postSolution
		{6EFFCC14-F251-CA6F-101E-DB21C539BF58}.Debug|Any CPU.ActiveCfg = Debug|Any CPU
		{6EFFCC14-F251-CA6F-101E-DB21C539BF58}.Debug|Any CPU.Build.0 = Debug|Any CPU
		{6EFFCC14-F251-CA6F-101E-DB21C539BF58}.Release|Any CPU.ActiveCfg = Release|Any CPU
		{6EFFCC14-F251-CA6F-101E-DB21C539BF58}.Release|Any CPU.Build.0 = Release|Any CPU
	EndGlobalSection
	GlobalSection(SolutionProperties) = preSolution
		HideSolutionNode = FALSE
	EndGlobalSection
	GlobalSection(ExtensibilityGlobals) = postSolution
		SolutionGuid = {5A1F4392-1F32-49D4-BD12-CC895AD3136E}
	EndGlobalSection
EndGlobal
