
Microsoft Visual Studio Solution File, Format Version 12.00
# Visual Studio Version 17
VisualStudioVersion = 17.7.34202.233
MinimumVisualStudioVersion = 10.0.40219.1
Project("{FAE04EC0-301F-11D3-BF4B-00C04F79EFBC}") = "Programlama temeelleri sınav sorusu", "Programlama temeelleri sınav sorusu\Programlama temeelleri sınav sorusu.csproj", "{AFF4875D-B0AE-4142-941F-29BF73E3DE0E}"
EndProject
Global
	GlobalSection(SolutionConfigurationPlatforms) = preSolution
		Debug|Any CPU = Debug|Any CPU
		Release|Any CPU = Release|Any CPU
	EndGlobalSection
	GlobalSection(ProjectConfigurationPlatforms) = postSolution
		{AFF4875D-B0AE-4142-941F-29BF73E3DE0E}.Debug|Any CPU.ActiveCfg = Debug|Any CPU
		{AFF4875D-B0AE-4142-941F-29BF73E3DE0E}.Debug|Any CPU.Build.0 = Debug|Any CPU
		{AFF4875D-B0AE-4142-941F-29BF73E3DE0E}.Release|Any CPU.ActiveCfg = Release|Any CPU
		{AFF4875D-B0AE-4142-941F-29BF73E3DE0E}.Release|Any CPU.Build.0 = Release|Any CPU
	EndGlobalSection
	GlobalSection(SolutionProperties) = preSolution
		HideSolutionNode = FALSE
	EndGlobalSection
	GlobalSection(ExtensibilityGlobals) = postSolution
		SolutionGuid = {9AB59F46-DFCD-4320-BF7A-D052BCC5816F}
	EndGlobalSection
EndGlobal
