
Microsoft Visual Studio Solution File, Format Version 12.00
# Visual Studio Version 17
VisualStudioVersion = 17.9.34714.143
MinimumVisualStudioVersion = 10.0.40219.1
Project("{FAE04EC0-301F-11D3-BF4B-00C04F79EFBC}") = "murat_yucedağ_class", "murat_yucedağ_class\murat_yucedağ_class.csproj", "{EEEEF9BD-B676-40B6-A7F3-73AEFCB32780}"
EndProject
Global
	GlobalSection(SolutionConfigurationPlatforms) = preSolution
		Debug|Any CPU = Debug|Any CPU
		Release|Any CPU = Release|Any CPU
	EndGlobalSection
	GlobalSection(ProjectConfigurationPlatforms) = postSolution
		{EEEEF9BD-B676-40B6-A7F3-73AEFCB32780}.Debug|Any CPU.ActiveCfg = Debug|Any CPU
		{EEEEF9BD-B676-40B6-A7F3-73AEFCB32780}.Debug|Any CPU.Build.0 = Debug|Any CPU
		{EEEEF9BD-B676-40B6-A7F3-73AEFCB32780}.Release|Any CPU.ActiveCfg = Release|Any CPU
		{EEEEF9BD-B676-40B6-A7F3-73AEFCB32780}.Release|Any CPU.Build.0 = Release|Any CPU
	EndGlobalSection
	GlobalSection(SolutionProperties) = preSolution
		HideSolutionNode = FALSE
	EndGlobalSection
	GlobalSection(ExtensibilityGlobals) = postSolution
		SolutionGuid = {33C96AAF-5E87-47BC-924F-3F8EAD44D18A}
	EndGlobalSection
EndGlobal
