
Microsoft Visual Studio Solution File, Format Version 12.00
# Visual Studio Version 17
VisualStudioVersion = 17.10.35013.160
MinimumVisualStudioVersion = 10.0.40219.1
Project("{FAE04EC0-301F-11D3-BF4B-00C04F79EFBC}") = "UdemyKursC#", "UdemyKursC#\UdemyKursC#.csproj", "{26B8EC1B-268D-4E0D-B3EE-49BBEC712BE2}"
EndProject
Global
	GlobalSection(SolutionConfigurationPlatforms) = preSolution
		Debug|Any CPU = Debug|Any CPU
		Release|Any CPU = Release|Any CPU
	EndGlobalSection
	GlobalSection(ProjectConfigurationPlatforms) = postSolution
		{26B8EC1B-268D-4E0D-B3EE-49BBEC712BE2}.Debug|Any CPU.ActiveCfg = Debug|Any CPU
		{26B8EC1B-268D-4E0D-B3EE-49BBEC712BE2}.Debug|Any CPU.Build.0 = Debug|Any CPU
		{26B8EC1B-268D-4E0D-B3EE-49BBEC712BE2}.Release|Any CPU.ActiveCfg = Release|Any CPU
		{26B8EC1B-268D-4E0D-B3EE-49BBEC712BE2}.Release|Any CPU.Build.0 = Release|Any CPU
	EndGlobalSection
	GlobalSection(SolutionProperties) = preSolution
		HideSolutionNode = FALSE
	EndGlobalSection
	GlobalSection(ExtensibilityGlobals) = postSolution
		SolutionGuid = {5A45F207-4512-4215-81D5-F24A19536BC6}
	EndGlobalSection
EndGlobal
