
Microsoft Visual Studio Solution File, Format Version 12.00
# Visual Studio Version 17
VisualStudioVersion = 17.9.34714.143
MinimumVisualStudioVersion = 10.0.40219.1
Project("{FAE04EC0-301F-11D3-BF4B-00C04F79EFBC}") = "matematiksel_fonksiyonlar", "matematiksel_fonksiyonlar\matematiksel_fonksiyonlar.csproj", "{E58BF1A4-7567-41F4-92BB-2E2900D55111}"
EndProject
Global
	GlobalSection(SolutionConfigurationPlatforms) = preSolution
		Debug|Any CPU = Debug|Any CPU
		Release|Any CPU = Release|Any CPU
	EndGlobalSection
	GlobalSection(ProjectConfigurationPlatforms) = postSolution
		{E58BF1A4-7567-41F4-92BB-2E2900D55111}.Debug|Any CPU.ActiveCfg = Debug|Any CPU
		{E58BF1A4-7567-41F4-92BB-2E2900D55111}.Debug|Any CPU.Build.0 = Debug|Any CPU
		{E58BF1A4-7567-41F4-92BB-2E2900D55111}.Release|Any CPU.ActiveCfg = Release|Any CPU
		{E58BF1A4-7567-41F4-92BB-2E2900D55111}.Release|Any CPU.Build.0 = Release|Any CPU
	EndGlobalSection
	GlobalSection(SolutionProperties) = preSolution
		HideSolutionNode = FALSE
	EndGlobalSection
	GlobalSection(ExtensibilityGlobals) = postSolution
		SolutionGuid = {C76D3D98-4C55-4FA5-A7A0-27A70CBA5B72}
	EndGlobalSection
EndGlobal
