
Microsoft Visual Studio Solution File, Format Version 12.00
# Visual Studio Version 17
VisualStudioVersion = 17.8.34330.188
MinimumVisualStudioVersion = 10.0.40219.1
Project("{FAE04EC0-301F-11D3-BF4B-00C04F79EFBC}") = "alıstırmarastgele", "alıstırmarastgele\alıstırmarastgele.csproj", "{6FAFD0D4-5A57-4F79-BEC0-B6A48C0B14DE}"
EndProject
Global
	GlobalSection(SolutionConfigurationPlatforms) = preSolution
		Debug|Any CPU = Debug|Any CPU
		Release|Any CPU = Release|Any CPU
	EndGlobalSection
	GlobalSection(ProjectConfigurationPlatforms) = postSolution
		{6FAFD0D4-5A57-4F79-BEC0-B6A48C0B14DE}.Debug|Any CPU.ActiveCfg = Debug|Any CPU
		{6FAFD0D4-5A57-4F79-BEC0-B6A48C0B14DE}.Debug|Any CPU.Build.0 = Debug|Any CPU
		{6FAFD0D4-5A57-4F79-BEC0-B6A48C0B14DE}.Release|Any CPU.ActiveCfg = Release|Any CPU
		{6FAFD0D4-5A57-4F79-BEC0-B6A48C0B14DE}.Release|Any CPU.Build.0 = Release|Any CPU
	EndGlobalSection
	GlobalSection(SolutionProperties) = preSolution
		HideSolutionNode = FALSE
	EndGlobalSection
	GlobalSection(ExtensibilityGlobals) = postSolution
		SolutionGuid = {A321C19B-CD86-4AB5-9100-90B4CC868D7B}
	EndGlobalSection
EndGlobal
