
Microsoft Visual Studio Solution File, Format Version 12.00
# Visual Studio Version 17
VisualStudioVersion = 17.11.35327.3
MinimumVisualStudioVersion = 10.0.40219.1
Project("{FAE04EC0-301F-11D3-BF4B-00C04F79EFBC}") = "MobilyaForm", "MobilyaForm\MobilyaForm.csproj", "{350D4BC0-0CB5-48A9-BC7D-4522A0AEA2CC}"
EndProject
Global
	GlobalSection(SolutionConfigurationPlatforms) = preSolution
		Debug|Any CPU = Debug|Any CPU
		Release|Any CPU = Release|Any CPU
	EndGlobalSection
	GlobalSection(ProjectConfigurationPlatforms) = postSolution
		{350D4BC0-0CB5-48A9-BC7D-4522A0AEA2CC}.Debug|Any CPU.ActiveCfg = Debug|Any CPU
		{350D4BC0-0CB5-48A9-BC7D-4522A0AEA2CC}.Debug|Any CPU.Build.0 = Debug|Any CPU
		{350D4BC0-0CB5-48A9-BC7D-4522A0AEA2CC}.Release|Any CPU.ActiveCfg = Release|Any CPU
		{350D4BC0-0CB5-48A9-BC7D-4522A0AEA2CC}.Release|Any CPU.Build.0 = Release|Any CPU
	EndGlobalSection
	GlobalSection(SolutionProperties) = preSolution
		HideSolutionNode = FALSE
	EndGlobalSection
	GlobalSection(ExtensibilityGlobals) = postSolution
		SolutionGuid = {224FD318-36A3-4813-90D5-6C300D2F0D7E}
	EndGlobalSection
EndGlobal
