
Microsoft Visual Studio Solution File, Format Version 12.00
# Visual Studio Version 17
VisualStudioVersion = 17.7.34202.233
MinimumVisualStudioVersion = 10.0.40219.1
Project("{FAE04EC0-301F-11D3-BF4B-00C04F79EFBC}") = "CarpımTablosu", "CarpımTablosu\CarpımTablosu.csproj", "{041A9497-28F7-4B51-89B8-3719FCEBEE2C}"
EndProject
Global
	GlobalSection(SolutionConfigurationPlatforms) = preSolution
		Debug|Any CPU = Debug|Any CPU
		Release|Any CPU = Release|Any CPU
	EndGlobalSection
	GlobalSection(ProjectConfigurationPlatforms) = postSolution
		{041A9497-28F7-4B51-89B8-3719FCEBEE2C}.Debug|Any CPU.ActiveCfg = Debug|Any CPU
		{041A9497-28F7-4B51-89B8-3719FCEBEE2C}.Debug|Any CPU.Build.0 = Debug|Any CPU
		{041A9497-28F7-4B51-89B8-3719FCEBEE2C}.Release|Any CPU.ActiveCfg = Release|Any CPU
		{041A9497-28F7-4B51-89B8-3719FCEBEE2C}.Release|Any CPU.Build.0 = Release|Any CPU
	EndGlobalSection
	GlobalSection(SolutionProperties) = preSolution
		HideSolutionNode = FALSE
	EndGlobalSection
	GlobalSection(ExtensibilityGlobals) = postSolution
		SolutionGuid = {6CCA260D-0E4D-4456-A089-27D1F069AC51}
	EndGlobalSection
EndGlobal
