
Microsoft Visual Studio Solution File, Format Version 12.00
# Visual Studio Version 17
VisualStudioVersion = 17.7.34202.233
MinimumVisualStudioVersion = 10.0.40219.1
Project("{FAE04EC0-301F-11D3-BF4B-00C04F79EFBC}") = "Arrays", "Arrays\Arrays.csproj", "{FE9A0B98-EE9C-4906-BE4B-2E0CFBFF276C}"
EndProject
Global
	GlobalSection(SolutionConfigurationPlatforms) = preSolution
		Debug|Any CPU = Debug|Any CPU
		Release|Any CPU = Release|Any CPU
	EndGlobalSection
	GlobalSection(ProjectConfigurationPlatforms) = postSolution
		{FE9A0B98-EE9C-4906-BE4B-2E0CFBFF276C}.Debug|Any CPU.ActiveCfg = Debug|Any CPU
		{FE9A0B98-EE9C-4906-BE4B-2E0CFBFF276C}.Debug|Any CPU.Build.0 = Debug|Any CPU
		{FE9A0B98-EE9C-4906-BE4B-2E0CFBFF276C}.Release|Any CPU.ActiveCfg = Release|Any CPU
		{FE9A0B98-EE9C-4906-BE4B-2E0CFBFF276C}.Release|Any CPU.Build.0 = Release|Any CPU
	EndGlobalSection
	GlobalSection(SolutionProperties) = preSolution
		HideSolutionNode = FALSE
	EndGlobalSection
	GlobalSection(ExtensibilityGlobals) = postSolution
		SolutionGuid = {0EAD46C3-46B1-4A9B-9BF9-DC26EA22A51C}
	EndGlobalSection
EndGlobal
