
Microsoft Visual Studio Solution File, Format Version 12.00
# Visual Studio Version 17
VisualStudioVersion = 17.8.34330.188
MinimumVisualStudioVersion = 10.0.40219.1
Project("{FAE04EC0-301F-11D3-BF4B-00C04F79EFBC}") = "erisimbelirleyiciler", "erisimbelirleyiciler\erisimbelirleyiciler.csproj", "{CA8FD9DA-1E74-42D9-8DC3-227348E0854E}"
EndProject
Global
	GlobalSection(SolutionConfigurationPlatforms) = preSolution
		Debug|Any CPU = Debug|Any CPU
		Release|Any CPU = Release|Any CPU
	EndGlobalSection
	GlobalSection(ProjectConfigurationPlatforms) = postSolution
		{CA8FD9DA-1E74-42D9-8DC3-227348E0854E}.Debug|Any CPU.ActiveCfg = Debug|Any CPU
		{CA8FD9DA-1E74-42D9-8DC3-227348E0854E}.Debug|Any CPU.Build.0 = Debug|Any CPU
		{CA8FD9DA-1E74-42D9-8DC3-227348E0854E}.Release|Any CPU.ActiveCfg = Release|Any CPU
		{CA8FD9DA-1E74-42D9-8DC3-227348E0854E}.Release|Any CPU.Build.0 = Release|Any CPU
	EndGlobalSection
	GlobalSection(SolutionProperties) = preSolution
		HideSolutionNode = FALSE
	EndGlobalSection
	GlobalSection(ExtensibilityGlobals) = postSolution
		SolutionGuid = {19D7874B-402D-4117-83DD-0C61FD0324B4}
	EndGlobalSection
EndGlobal
