
Microsoft Visual Studio Solution File, Format Version 12.00
# Visual Studio Version 17
VisualStudioVersion = 17.8.34330.188
MinimumVisualStudioVersion = 10.0.40219.1
Project("{FAE04EC0-301F-11D3-BF4B-00C04F79EFBC}") = "Matris_toplama", "Matris_toplama\Matris_toplama.csproj", "{9D4E7687-D957-4FBE-9C52-E9BFBE8967C7}"
EndProject
Global
	GlobalSection(SolutionConfigurationPlatforms) = preSolution
		Debug|Any CPU = Debug|Any CPU
		Release|Any CPU = Release|Any CPU
	EndGlobalSection
	GlobalSection(ProjectConfigurationPlatforms) = postSolution
		{9D4E7687-D957-4FBE-9C52-E9BFBE8967C7}.Debug|Any CPU.ActiveCfg = Debug|Any CPU
		{9D4E7687-D957-4FBE-9C52-E9BFBE8967C7}.Debug|Any CPU.Build.0 = Debug|Any CPU
		{9D4E7687-D957-4FBE-9C52-E9BFBE8967C7}.Release|Any CPU.ActiveCfg = Release|Any CPU
		{9D4E7687-D957-4FBE-9C52-E9BFBE8967C7}.Release|Any CPU.Build.0 = Release|Any CPU
	EndGlobalSection
	GlobalSection(SolutionProperties) = preSolution
		HideSolutionNode = FALSE
	EndGlobalSection
	GlobalSection(ExtensibilityGlobals) = postSolution
		SolutionGuid = {AD970FD0-6836-476D-99B6-93D2BA8D24AC}
	EndGlobalSection
EndGlobal
