
Microsoft Visual Studio Solution File, Format Version 12.00
# Visual Studio Version 17
VisualStudioVersion = 17.9.34714.143
MinimumVisualStudioVersion = 10.0.40219.1
Project("{FAE04EC0-301F-11D3-BF4B-00C04F79EFBC}") = "murat_yucedag_çokbiçimlilik", "murat_yucedag_çokbiçimlilik\murat_yucedag_çokbiçimlilik.csproj", "{8766F07A-3884-4E2F-B114-0E322DE0D796}"
EndProject
Global
	GlobalSection(SolutionConfigurationPlatforms) = preSolution
		Debug|Any CPU = Debug|Any CPU
		Release|Any CPU = Release|Any CPU
	EndGlobalSection
	GlobalSection(ProjectConfigurationPlatforms) = postSolution
		{8766F07A-3884-4E2F-B114-0E322DE0D796}.Debug|Any CPU.ActiveCfg = Debug|Any CPU
		{8766F07A-3884-4E2F-B114-0E322DE0D796}.Debug|Any CPU.Build.0 = Debug|Any CPU
		{8766F07A-3884-4E2F-B114-0E322DE0D796}.Release|Any CPU.ActiveCfg = Release|Any CPU
		{8766F07A-3884-4E2F-B114-0E322DE0D796}.Release|Any CPU.Build.0 = Release|Any CPU
	EndGlobalSection
	GlobalSection(SolutionProperties) = preSolution
		HideSolutionNode = FALSE
	EndGlobalSection
	GlobalSection(ExtensibilityGlobals) = postSolution
		SolutionGuid = {A039681C-4755-4C5C-ABAE-658BEE488688}
	EndGlobalSection
EndGlobal
