
Microsoft Visual Studio Solution File, Format Version 12.00
# Visual Studio Version 17
VisualStudioVersion = 17.10.35013.160
MinimumVisualStudioVersion = 10.0.40219.1
Project("{FAE04EC0-301F-11D3-BF4B-00C04F79EFBC}") = "mastepage", "mastepage\mastepage.csproj", "{CE41C873-E12A-4808-B4E1-A4466ADB2E38}"
EndProject
Global
	GlobalSection(SolutionConfigurationPlatforms) = preSolution
		Debug|Any CPU = Debug|Any CPU
		Release|Any CPU = Release|Any CPU
	EndGlobalSection
	GlobalSection(ProjectConfigurationPlatforms) = postSolution
		{CE41C873-E12A-4808-B4E1-A4466ADB2E38}.Debug|Any CPU.ActiveCfg = Debug|Any CPU
		{CE41C873-E12A-4808-B4E1-A4466ADB2E38}.Debug|Any CPU.Build.0 = Debug|Any CPU
		{CE41C873-E12A-4808-B4E1-A4466ADB2E38}.Release|Any CPU.ActiveCfg = Release|Any CPU
		{CE41C873-E12A-4808-B4E1-A4466ADB2E38}.Release|Any CPU.Build.0 = Release|Any CPU
	EndGlobalSection
	GlobalSection(SolutionProperties) = preSolution
		HideSolutionNode = FALSE
	EndGlobalSection
	GlobalSection(ExtensibilityGlobals) = postSolution
		SolutionGuid = {BE548A29-2E9B-4AC4-8410-0C2953961814}
	EndGlobalSection
EndGlobal
