
Microsoft Visual Studio Solution File, Format Version 12.00
# Visual Studio Version 17
VisualStudioVersion = 17.8.34330.188
MinimumVisualStudioVersion = 10.0.40219.1
Project("{FAE04EC0-301F-11D3-BF4B-00C04F79EFBC}") = "methodalıstırma2", "methodalıstırma2\methodalıstırma2.csproj", "{A4F8F4F5-BAEA-4837-A620-E04713CCB1C7}"
EndProject
Global
	GlobalSection(SolutionConfigurationPlatforms) = preSolution
		Debug|Any CPU = Debug|Any CPU
		Release|Any CPU = Release|Any CPU
	EndGlobalSection
	GlobalSection(ProjectConfigurationPlatforms) = postSolution
		{A4F8F4F5-BAEA-4837-A620-E04713CCB1C7}.Debug|Any CPU.ActiveCfg = Debug|Any CPU
		{A4F8F4F5-BAEA-4837-A620-E04713CCB1C7}.Debug|Any CPU.Build.0 = Debug|Any CPU
		{A4F8F4F5-BAEA-4837-A620-E04713CCB1C7}.Release|Any CPU.ActiveCfg = Release|Any CPU
		{A4F8F4F5-BAEA-4837-A620-E04713CCB1C7}.Release|Any CPU.Build.0 = Release|Any CPU
	EndGlobalSection
	GlobalSection(SolutionProperties) = preSolution
		HideSolutionNode = FALSE
	EndGlobalSection
	GlobalSection(ExtensibilityGlobals) = postSolution
		SolutionGuid = {D79FCE4D-ACB1-4B58-B4B1-F4A5A8091278}
	EndGlobalSection
EndGlobal
