
Microsoft Visual Studio Solution File, Format Version 12.00
# Visual Studio Version 17
VisualStudioVersion = 17.7.34202.233
MinimumVisualStudioVersion = 10.0.40219.1
Project("{FAE04EC0-301F-11D3-BF4B-00C04F79EFBC}") = "PROGRAMLAMA TEMELLERİ ÖDEV KULLANICIDAN  DEĞER ALMA TOPLAMA", "PROGRAMLAMA TEMELLERİ ÖDEV KULLANICIDAN  DEĞER ALMA TOPLAMA\PROGRAMLAMA TEMELLERİ ÖDEV KULLANICIDAN  DEĞER ALMA TOPLAMA.csproj", "{30A335A7-6D37-4EC6-AC52-60770FED48E8}"
EndProject
Global
	GlobalSection(SolutionConfigurationPlatforms) = preSolution
		Debug|Any CPU = Debug|Any CPU
		Release|Any CPU = Release|Any CPU
	EndGlobalSection
	GlobalSection(ProjectConfigurationPlatforms) = postSolution
		{30A335A7-6D37-4EC6-AC52-60770FED48E8}.Debug|Any CPU.ActiveCfg = Debug|Any CPU
		{30A335A7-6D37-4EC6-AC52-60770FED48E8}.Debug|Any CPU.Build.0 = Debug|Any CPU
		{30A335A7-6D37-4EC6-AC52-60770FED48E8}.Release|Any CPU.ActiveCfg = Release|Any CPU
		{30A335A7-6D37-4EC6-AC52-60770FED48E8}.Release|Any CPU.Build.0 = Release|Any CPU
	EndGlobalSection
	GlobalSection(SolutionProperties) = preSolution
		HideSolutionNode = FALSE
	EndGlobalSection
	GlobalSection(ExtensibilityGlobals) = postSolution
		SolutionGuid = {F4096D72-6944-4221-8857-E079F7809FE3}
	EndGlobalSection
EndGlobal
