
Microsoft Visual Studio Solution File, Format Version 12.00
# Visual Studio Version 17
VisualStudioVersion = 17.10.35013.160
MinimumVisualStudioVersion = 10.0.40219.1
Project("{FAE04EC0-301F-11D3-BF4B-00C04F79EFBC}") = "GörselProgramlamaDers1", "GörselProgramlamaDers1\GörselProgramlamaDers1.csproj", "{6880C5AD-E48F-4FB7-B7A7-8E909C88D640}"
EndProject
Global
	GlobalSection(SolutionConfigurationPlatforms) = preSolution
		Debug|Any CPU = Debug|Any CPU
		Release|Any CPU = Release|Any CPU
	EndGlobalSection
	GlobalSection(ProjectConfigurationPlatforms) = postSolution
		{6880C5AD-E48F-4FB7-B7A7-8E909C88D640}.Debug|Any CPU.ActiveCfg = Debug|Any CPU
		{6880C5AD-E48F-4FB7-B7A7-8E909C88D640}.Debug|Any CPU.Build.0 = Debug|Any CPU
		{6880C5AD-E48F-4FB7-B7A7-8E909C88D640}.Release|Any CPU.ActiveCfg = Release|Any CPU
		{6880C5AD-E48F-4FB7-B7A7-8E909C88D640}.Release|Any CPU.Build.0 = Release|Any CPU
	EndGlobalSection
	GlobalSection(SolutionProperties) = preSolution
		HideSolutionNode = FALSE
	EndGlobalSection
	GlobalSection(ExtensibilityGlobals) = postSolution
		SolutionGuid = {66212AE0-FD3A-40CF-906B-052EFA1785BD}
	EndGlobalSection
EndGlobal
