
Microsoft Visual Studio Solution File, Format Version 12.00
# Visual Studio Version 17
VisualStudioVersion = 17.8.34330.188
MinimumVisualStudioVersion = 10.0.40219.1
Project("{FAE04EC0-301F-11D3-BF4B-00C04F79EFBC}") = "Diziler", "Diziler\Diziler.csproj", "{6F225310-0F3C-4592-9B90-06CB78D0771D}"
EndProject
Global
	GlobalSection(SolutionConfigurationPlatforms) = preSolution
		Debug|Any CPU = Debug|Any CPU
		Release|Any CPU = Release|Any CPU
	EndGlobalSection
	GlobalSection(ProjectConfigurationPlatforms) = postSolution
		{6F225310-0F3C-4592-9B90-06CB78D0771D}.Debug|Any CPU.ActiveCfg = Debug|Any CPU
		{6F225310-0F3C-4592-9B90-06CB78D0771D}.Debug|Any CPU.Build.0 = Debug|Any CPU
		{6F225310-0F3C-4592-9B90-06CB78D0771D}.Release|Any CPU.ActiveCfg = Release|Any CPU
		{6F225310-0F3C-4592-9B90-06CB78D0771D}.Release|Any CPU.Build.0 = Release|Any CPU
	EndGlobalSection
	GlobalSection(SolutionProperties) = preSolution
		HideSolutionNode = FALSE
	EndGlobalSection
	GlobalSection(ExtensibilityGlobals) = postSolution
		SolutionGuid = {AC8B845B-26D8-4F46-94B1-CA3B576F84A1}
	EndGlobalSection
EndGlobal
