
Microsoft Visual Studio Solution File, Format Version 12.00
# Visual Studio Version 17
VisualStudioVersion = 17.8.34330.188
MinimumVisualStudioVersion = 10.0.40219.1
Project("{FAE04EC0-301F-11D3-BF4B-00C04F79EFBC}") = "methot", "methot\methot.csproj", "{F1077836-0987-4B5D-A63B-9C188E6A3031}"
EndProject
Global
	GlobalSection(SolutionConfigurationPlatforms) = preSolution
		Debug|Any CPU = Debug|Any CPU
		Release|Any CPU = Release|Any CPU
	EndGlobalSection
	GlobalSection(ProjectConfigurationPlatforms) = postSolution
		{F1077836-0987-4B5D-A63B-9C188E6A3031}.Debug|Any CPU.ActiveCfg = Debug|Any CPU
		{F1077836-0987-4B5D-A63B-9C188E6A3031}.Debug|Any CPU.Build.0 = Debug|Any CPU
		{F1077836-0987-4B5D-A63B-9C188E6A3031}.Release|Any CPU.ActiveCfg = Release|Any CPU
		{F1077836-0987-4B5D-A63B-9C188E6A3031}.Release|Any CPU.Build.0 = Release|Any CPU
	EndGlobalSection
	GlobalSection(SolutionProperties) = preSolution
		HideSolutionNode = FALSE
	EndGlobalSection
	GlobalSection(ExtensibilityGlobals) = postSolution
		SolutionGuid = {6CA0DAE7-5E25-4BA0-9174-9C8D0C11018B}
	EndGlobalSection
EndGlobal
