
Microsoft Visual Studio Solution File, Format Version 12.00
# Visual Studio Version 17
VisualStudioVersion = 17.7.34202.233
MinimumVisualStudioVersion = 10.0.40219.1
Project("{FAE04EC0-301F-11D3-BF4B-00C04F79EFBC}") = "TypesAndVaraibles", "TypesAndVaraibles\TypesAndVaraibles.csproj", "{14902D32-D125-4C50-882B-26BB59A7B488}"
EndProject
Project("{FAE04EC0-301F-11D3-BF4B-00C04F79EFBC}") = "ortalam2", "ortalam2\ortalam2.csproj", "{F4CC70ED-0529-4AE5-B89A-DAE68EF3C8AB}"
EndProject
Global
	GlobalSection(SolutionConfigurationPlatforms) = preSolution
		Debug|Any CPU = Debug|Any CPU
		Release|Any CPU = Release|Any CPU
	EndGlobalSection
	GlobalSection(ProjectConfigurationPlatforms) = postSolution
		{14902D32-D125-4C50-882B-26BB59A7B488}.Debug|Any CPU.ActiveCfg = Debug|Any CPU
		{14902D32-D125-4C50-882B-26BB59A7B488}.Debug|Any CPU.Build.0 = Debug|Any CPU
		{14902D32-D125-4C50-882B-26BB59A7B488}.Release|Any CPU.ActiveCfg = Release|Any CPU
		{14902D32-D125-4C50-882B-26BB59A7B488}.Release|Any CPU.Build.0 = Release|Any CPU
		{F4CC70ED-0529-4AE5-B89A-DAE68EF3C8AB}.Debug|Any CPU.ActiveCfg = Debug|Any CPU
		{F4CC70ED-0529-4AE5-B89A-DAE68EF3C8AB}.Debug|Any CPU.Build.0 = Debug|Any CPU
		{F4CC70ED-0529-4AE5-B89A-DAE68EF3C8AB}.Release|Any CPU.ActiveCfg = Release|Any CPU
		{F4CC70ED-0529-4AE5-B89A-DAE68EF3C8AB}.Release|Any CPU.Build.0 = Release|Any CPU
	EndGlobalSection
	GlobalSection(SolutionProperties) = preSolution
		HideSolutionNode = FALSE
	EndGlobalSection
	GlobalSection(ExtensibilityGlobals) = postSolution
		SolutionGuid = {AD603C9A-A324-49E0-9A9A-D1986EA75258}
	EndGlobalSection
EndGlobal
