
Microsoft Visual Studio Solution File, Format Version 12.00
# Visual Studio Version 17
VisualStudioVersion = 17.7.34202.233
MinimumVisualStudioVersion = 10.0.40219.1
Project("{FAE04EC0-301F-11D3-BF4B-00C04F79EFBC}") = "ArkaPlanRenk", "ArkaPlanRenk\ArkaPlanRenk.csproj", "{B0923B2F-7F1D-43B6-B553-6C17E4A2D785}"
EndProject
Global
	GlobalSection(SolutionConfigurationPlatforms) = preSolution
		Debug|Any CPU = Debug|Any CPU
		Release|Any CPU = Release|Any CPU
	EndGlobalSection
	GlobalSection(ProjectConfigurationPlatforms) = postSolution
		{B0923B2F-7F1D-43B6-B553-6C17E4A2D785}.Debug|Any CPU.ActiveCfg = Debug|Any CPU
		{B0923B2F-7F1D-43B6-B553-6C17E4A2D785}.Debug|Any CPU.Build.0 = Debug|Any CPU
		{B0923B2F-7F1D-43B6-B553-6C17E4A2D785}.Release|Any CPU.ActiveCfg = Release|Any CPU
		{B0923B2F-7F1D-43B6-B553-6C17E4A2D785}.Release|Any CPU.Build.0 = Release|Any CPU
	EndGlobalSection
	GlobalSection(SolutionProperties) = preSolution
		HideSolutionNode = FALSE
	EndGlobalSection
	GlobalSection(ExtensibilityGlobals) = postSolution
		SolutionGuid = {46D3EF94-7DE1-4E9E-96E3-5B9983D9E5C8}
	EndGlobalSection
EndGlobal
