
Microsoft Visual Studio Solution File, Format Version 12.00
# Visual Studio Version 17
VisualStudioVersion = 17.9.34714.143
MinimumVisualStudioVersion = 10.0.40219.1
Project("{FAE04EC0-301F-11D3-BF4B-00C04F79EFBC}") = "m_yucedag_arkaplan müzik", "m_yucedag_arkaplan müzik\m_yucedag_arkaplan müzik.csproj", "{35FDE12A-F1EE-47D7-BDC1-E942B9C2AEF4}"
EndProject
Global
	GlobalSection(SolutionConfigurationPlatforms) = preSolution
		Debug|Any CPU = Debug|Any CPU
		Release|Any CPU = Release|Any CPU
	EndGlobalSection
	GlobalSection(ProjectConfigurationPlatforms) = postSolution
		{35FDE12A-F1EE-47D7-BDC1-E942B9C2AEF4}.Debug|Any CPU.ActiveCfg = Debug|Any CPU
		{35FDE12A-F1EE-47D7-BDC1-E942B9C2AEF4}.Debug|Any CPU.Build.0 = Debug|Any CPU
		{35FDE12A-F1EE-47D7-BDC1-E942B9C2AEF4}.Release|Any CPU.ActiveCfg = Release|Any CPU
		{35FDE12A-F1EE-47D7-BDC1-E942B9C2AEF4}.Release|Any CPU.Build.0 = Release|Any CPU
	EndGlobalSection
	GlobalSection(SolutionProperties) = preSolution
		HideSolutionNode = FALSE
	EndGlobalSection
	GlobalSection(ExtensibilityGlobals) = postSolution
		SolutionGuid = {ED0A24D5-5304-4C10-919D-0B9F50D7DA7A}
	EndGlobalSection
EndGlobal
