
Microsoft Visual Studio Solution File, Format Version 12.00
# Visual Studio Version 17
VisualStudioVersion = 17.9.34714.143
MinimumVisualStudioVersion = 10.0.40219.1
Project("{FAE04EC0-301F-11D3-BF4B-00C04F79EFBC}") = "m_yucedag_matematik_menu", "m_yucedag_matematik_menu\m_yucedag_matematik_menu.csproj", "{9215AB77-5BA7-4D3D-8D86-54ADA70125D6}"
EndProject
Global
	GlobalSection(SolutionConfigurationPlatforms) = preSolution
		Debug|Any CPU = Debug|Any CPU
		Release|Any CPU = Release|Any CPU
	EndGlobalSection
	GlobalSection(ProjectConfigurationPlatforms) = postSolution
		{9215AB77-5BA7-4D3D-8D86-54ADA70125D6}.Debug|Any CPU.ActiveCfg = Debug|Any CPU
		{9215AB77-5BA7-4D3D-8D86-54ADA70125D6}.Debug|Any CPU.Build.0 = Debug|Any CPU
		{9215AB77-5BA7-4D3D-8D86-54ADA70125D6}.Release|Any CPU.ActiveCfg = Release|Any CPU
		{9215AB77-5BA7-4D3D-8D86-54ADA70125D6}.Release|Any CPU.Build.0 = Release|Any CPU
	EndGlobalSection
	GlobalSection(SolutionProperties) = preSolution
		HideSolutionNode = FALSE
	EndGlobalSection
	GlobalSection(ExtensibilityGlobals) = postSolution
		SolutionGuid = {6D855893-0C24-452A-B192-BE7089382BD8}
	EndGlobalSection
EndGlobal
